
Microsoft Visual Studio Solution File, Format Version 12.00
# Visual Studio Version 17
VisualStudioVersion = 17.13.35825.156 d17.13
MinimumVisualStudioVersion = 10.0.40219.1
Project("{FAE04EC0-301F-11D3-BF4B-00C04F79EFBC}") = "LoanManagementSystem", "LoanManagementSystem\LoanManagementSystem.csproj", "{7AE1CA16-E9D1-42AA-B2D7-F19E9684D599}"
EndProject
Global
	GlobalSection(SolutionConfigurationPlatforms) = preSolution
		Debug|Any CPU = Debug|Any CPU
		Release|Any CPU = Release|Any CPU
	EndGlobalSection
	GlobalSection(ProjectConfigurationPlatforms) = postSolution
		{7AE1CA16-E9D1-42AA-B2D7-F19E9684D599}.Debug|Any CPU.ActiveCfg = Debug|Any CPU
		{7AE1CA16-E9D1-42AA-B2D7-F19E9684D599}.Debug|Any CPU.Build.0 = Debug|Any CPU
		{7AE1CA16-E9D1-42AA-B2D7-F19E9684D599}.Release|Any CPU.ActiveCfg = Release|Any CPU
		{7AE1CA16-E9D1-42AA-B2D7-F19E9684D599}.Release|Any CPU.Build.0 = Release|Any CPU
	EndGlobalSection
	GlobalSection(SolutionProperties) = preSolution
		HideSolutionNode = FALSE
	EndGlobalSection
	GlobalSection(ExtensibilityGlobals) = postSolution
		SolutionGuid = {3A1C3CD1-0D37-41F6-82C1-110C652EFC5C}
	EndGlobalSection
EndGlobal
